
Microsoft Visual Studio Solution File, Format Version 12.00
# Visual Studio Version 17
VisualStudioVersion = 17.7.34202.233
MinimumVisualStudioVersion = 10.0.40219.1
Project("{9A19103F-16F7-4668-BE54-9A1E7A4F7556}") = "TeamWeeklyStatus.WebApi", "TeamWeeklyStatus.WebApi\TeamWeeklyStatus.WebApi.csproj", "{C3E8C27A-9834-4792-BCB0-49B7053DA847}"
EndProject
Project("{54A90642-561A-4BB1-A94E-469ADEE60C69}") = "team-weekly-status-front", "team-weekly-status-front\team-weekly-status-front.esproj", "{2D1684B7-41D2-4EE5-90C3-DC9A1E38DD95}"
EndProject
Project("{9A19103F-16F7-4668-BE54-9A1E7A4F7556}") = "TeamWeeklyStatus.Domain", "TeamWeeklyStatus.Domain\TeamWeeklyStatus.Domain.csproj", "{C35BA6B6-5353-4F99-A135-C5349DAD9FA4}"
EndProject
Project("{9A19103F-16F7-4668-BE54-9A1E7A4F7556}") = "TeamWeeklyStatus.Infrastructure", "TeamWeeklyStatus.Infrastructure\TeamWeeklyStatus.Infrastructure.csproj", "{91080FB6-746D-4056-9BC4-94D8FC92B06C}"
EndProject
Project("{9A19103F-16F7-4668-BE54-9A1E7A4F7556}") = "TeamWeeklyStatus.Application", "TeamWeeklyStatus.Application\TeamWeeklyStatus.Application.csproj", "{056E1252-A3B7-4692-836C-83ADD01F4E98}"
EndProject
Project("{9A19103F-16F7-4668-BE54-9A1E7A4F7556}") = "TeamWeeklyStatus.Application.Tests", "TeamWeeklyStatus.Application.Tests\TeamWeeklyStatus.Application.Tests.csproj", "{7BDDC8F7-094F-41A8-863F-3DF794261D54}"
EndProject
Project("{9A19103F-16F7-4668-BE54-9A1E7A4F7556}") = "TeamWeeklyStatus.WebApi.Tests", "TeamWeeklyStatus.WebApi.Tests\TeamWeeklyStatus.WebApi.Tests.csproj", "{C6A78E02-D7CF-4AE7-88DE-34857EEA4188}"
EndProject
Project("{9A19103F-16F7-4668-BE54-9A1E7A4F7556}") = "TeamWeeklyStatus.CompositionRoot", "TeamWeeklyStatus.CompositionRoot\TeamWeeklyStatus.CompositionRoot.csproj", "{6DB6F770-D185-480F-8EA9-68B00638131F}"
EndProject
Project("{2150E333-8FDC-42A3-9474-1A3956D46DE8}") = "Solution Items", "Solution Items", "{2478EA82-16A8-4AC1-9A00-812606ADC7D6}"
	ProjectSection(SolutionItems) = preProject
		README.MD = README.MD
	EndProjectSection
EndProject
Global
	GlobalSection(SolutionConfigurationPlatforms) = preSolution
		Debug|Any CPU = Debug|Any CPU
		Release|Any CPU = Release|Any CPU
	EndGlobalSection
	GlobalSection(ProjectConfigurationPlatforms) = postSolution
		{C3E8C27A-9834-4792-BCB0-49B7053DA847}.Debug|Any CPU.ActiveCfg = Debug|Any CPU
		{C3E8C27A-9834-4792-BCB0-49B7053DA847}.Debug|Any CPU.Build.0 = Debug|Any CPU
		{C3E8C27A-9834-4792-BCB0-49B7053DA847}.Release|Any CPU.ActiveCfg = Release|Any CPU
		{C3E8C27A-9834-4792-BCB0-49B7053DA847}.Release|Any CPU.Build.0 = Release|Any CPU
		{2D1684B7-41D2-4EE5-90C3-DC9A1E38DD95}.Debug|Any CPU.ActiveCfg = Debug|Any CPU
		{2D1684B7-41D2-4EE5-90C3-DC9A1E38DD95}.Debug|Any CPU.Build.0 = Debug|Any CPU
		{2D1684B7-41D2-4EE5-90C3-DC9A1E38DD95}.Debug|Any CPU.Deploy.0 = Debug|Any CPU
		{2D1684B7-41D2-4EE5-90C3-DC9A1E38DD95}.Release|Any CPU.ActiveCfg = Release|Any CPU
		{2D1684B7-41D2-4EE5-90C3-DC9A1E38DD95}.Release|Any CPU.Build.0 = Release|Any CPU
		{2D1684B7-41D2-4EE5-90C3-DC9A1E38DD95}.Release|Any CPU.Deploy.0 = Release|Any CPU
		{C35BA6B6-5353-4F99-A135-C5349DAD9FA4}.Debug|Any CPU.ActiveCfg = Debug|Any CPU
		{C35BA6B6-5353-4F99-A135-C5349DAD9FA4}.Debug|Any CPU.Build.0 = Debug|Any CPU
		{C35BA6B6-5353-4F99-A135-C5349DAD9FA4}.Release|Any CPU.ActiveCfg = Release|Any CPU
		{C35BA6B6-5353-4F99-A135-C5349DAD9FA4}.Release|Any CPU.Build.0 = Release|Any CPU
		{91080FB6-746D-4056-9BC4-94D8FC92B06C}.Debug|Any CPU.ActiveCfg = Debug|Any CPU
		{91080FB6-746D-4056-9BC4-94D8FC92B06C}.Debug|Any CPU.Build.0 = Debug|Any CPU
		{91080FB6-746D-4056-9BC4-94D8FC92B06C}.Release|Any CPU.ActiveCfg = Release|Any CPU
		{91080FB6-746D-4056-9BC4-94D8FC92B06C}.Release|Any CPU.Build.0 = Release|Any CPU
		{056E1252-A3B7-4692-836C-83ADD01F4E98}.Debug|Any CPU.ActiveCfg = Debug|Any CPU
		{056E1252-A3B7-4692-836C-83ADD01F4E98}.Debug|Any CPU.Build.0 = Debug|Any CPU
		{056E1252-A3B7-4692-836C-83ADD01F4E98}.Release|Any CPU.ActiveCfg = Release|Any CPU
		{056E1252-A3B7-4692-836C-83ADD01F4E98}.Release|Any CPU.Build.0 = Release|Any CPU
		{7BDDC8F7-094F-41A8-863F-3DF794261D54}.Debug|Any CPU.ActiveCfg = Debug|Any CPU
		{7BDDC8F7-094F-41A8-863F-3DF794261D54}.Debug|Any CPU.Build.0 = Debug|Any CPU
		{7BDDC8F7-094F-41A8-863F-3DF794261D54}.Release|Any CPU.ActiveCfg = Release|Any CPU
		{7BDDC8F7-094F-41A8-863F-3DF794261D54}.Release|Any CPU.Build.0 = Release|Any CPU
		{C6A78E02-D7CF-4AE7-88DE-34857EEA4188}.Debug|Any CPU.ActiveCfg = Debug|Any CPU
		{C6A78E02-D7CF-4AE7-88DE-34857EEA4188}.Debug|Any CPU.Build.0 = Debug|Any CPU
		{C6A78E02-D7CF-4AE7-88DE-34857EEA4188}.Release|Any CPU.ActiveCfg = Release|Any CPU
		{C6A78E02-D7CF-4AE7-88DE-34857EEA4188}.Release|Any CPU.Build.0 = Release|Any CPU
		{6DB6F770-D185-480F-8EA9-68B00638131F}.Debug|Any CPU.ActiveCfg = Debug|Any CPU
		{6DB6F770-D185-480F-8EA9-68B00638131F}.Debug|Any CPU.Build.0 = Debug|Any CPU
		{6DB6F770-D185-480F-8EA9-68B00638131F}.Release|Any CPU.ActiveCfg = Release|Any CPU
		{6DB6F770-D185-480F-8EA9-68B00638131F}.Release|Any CPU.Build.0 = Release|Any CPU
	EndGlobalSection
	GlobalSection(SolutionProperties) = preSolution
		HideSolutionNode = FALSE
	EndGlobalSection
	GlobalSection(ExtensibilityGlobals) = postSolution
		SolutionGuid = {9A53E396-F347-4F84-9DB2-8E5F8552C8EE}
	EndGlobalSection
EndGlobal
